
Microsoft Visual Studio Solution File, Format Version 12.00
# Visual Studio Version 17
VisualStudioVersion = 17.1.32210.238
MinimumVisualStudioVersion = 10.0.40219.1
Project("{2150E333-8FDC-42A3-9474-1A3956D46DE8}") = "Solution Items", "Solution Items", "{43065F6D-5BD9-45F5-89F1-BC6628264F4D}"
	ProjectSection(SolutionItems) = preProject
		.editorconfig = .editorconfig
	EndProjectSection
EndProject
Project("{2150E333-8FDC-42A3-9474-1A3956D46DE8}") = "src", "src", "{AE9D1FC1-81EF-4897-9E95-45598DBACA39}"
EndProject
Project("{2150E333-8FDC-42A3-9474-1A3956D46DE8}") = "tests", "tests", "{3D070F7D-A3FE-4516-94F6-06964591EE64}"
EndProject
Project("{9A19103F-16F7-4668-BE54-9A1E7A4F7556}") = "StorageSystem.Application", "src\StorageSystem.Application\StorageSystem.Application.csproj", "{94D90E30-AE30-446A-8DC2-68BCB50152AB}"
EndProject
Project("{9A19103F-16F7-4668-BE54-9A1E7A4F7556}") = "StorageSystem.Domain", "src\StorageSystem.Domain\StorageSystem.Domain.csproj", "{0EE30868-0E0E-4734-B20E-D2D875411A65}"
EndProject
Project("{9A19103F-16F7-4668-BE54-9A1E7A4F7556}") = "StorageSystem.Api", "src\StorageSystem.Api\StorageSystem.Api.csproj", "{BC906D09-45EA-4434-88D0-A9EC54FCA7B3}"
EndProject
Project("{9A19103F-16F7-4668-BE54-9A1E7A4F7556}") = "StorageSystem.Infrastructure", "src\StorageSystem.Infrastructure\StorageSystem.Infrastructure.csproj", "{1CFCB579-FFDB-49BA-AF0F-0E1DC1E24244}"
EndProject
Project("{FAE04EC0-301F-11D3-BF4B-00C04F79EFBC}") = "TestProject1", "tests\TestProject1\TestProject1.csproj", "{AE370C86-1F4C-4385-96F7-EC034AAB3AB5}"
EndProject
Global
	GlobalSection(SolutionConfigurationPlatforms) = preSolution
		Debug|Any CPU = Debug|Any CPU
		Release|Any CPU = Release|Any CPU
	EndGlobalSection
	GlobalSection(ProjectConfigurationPlatforms) = postSolution
		{94D90E30-AE30-446A-8DC2-68BCB50152AB}.Debug|Any CPU.ActiveCfg = Debug|Any CPU
		{94D90E30-AE30-446A-8DC2-68BCB50152AB}.Debug|Any CPU.Build.0 = Debug|Any CPU
		{94D90E30-AE30-446A-8DC2-68BCB50152AB}.Release|Any CPU.ActiveCfg = Release|Any CPU
		{94D90E30-AE30-446A-8DC2-68BCB50152AB}.Release|Any CPU.Build.0 = Release|Any CPU
		{0EE30868-0E0E-4734-B20E-D2D875411A65}.Debug|Any CPU.ActiveCfg = Debug|Any CPU
		{0EE30868-0E0E-4734-B20E-D2D875411A65}.Debug|Any CPU.Build.0 = Debug|Any CPU
		{0EE30868-0E0E-4734-B20E-D2D875411A65}.Release|Any CPU.ActiveCfg = Release|Any CPU
		{0EE30868-0E0E-4734-B20E-D2D875411A65}.Release|Any CPU.Build.0 = Release|Any CPU
		{BC906D09-45EA-4434-88D0-A9EC54FCA7B3}.Debug|Any CPU.ActiveCfg = Debug|Any CPU
		{BC906D09-45EA-4434-88D0-A9EC54FCA7B3}.Debug|Any CPU.Build.0 = Debug|Any CPU
		{BC906D09-45EA-4434-88D0-A9EC54FCA7B3}.Release|Any CPU.ActiveCfg = Release|Any CPU
		{BC906D09-45EA-4434-88D0-A9EC54FCA7B3}.Release|Any CPU.Build.0 = Release|Any CPU
		{1CFCB579-FFDB-49BA-AF0F-0E1DC1E24244}.Debug|Any CPU.ActiveCfg = Debug|Any CPU
		{1CFCB579-FFDB-49BA-AF0F-0E1DC1E24244}.Debug|Any CPU.Build.0 = Debug|Any CPU
		{1CFCB579-FFDB-49BA-AF0F-0E1DC1E24244}.Release|Any CPU.ActiveCfg = Release|Any CPU
		{1CFCB579-FFDB-49BA-AF0F-0E1DC1E24244}.Release|Any CPU.Build.0 = Release|Any CPU
		{AE370C86-1F4C-4385-96F7-EC034AAB3AB5}.Debug|Any CPU.ActiveCfg = Debug|Any CPU
		{AE370C86-1F4C-4385-96F7-EC034AAB3AB5}.Debug|Any CPU.Build.0 = Debug|Any CPU
		{AE370C86-1F4C-4385-96F7-EC034AAB3AB5}.Release|Any CPU.ActiveCfg = Release|Any CPU
		{AE370C86-1F4C-4385-96F7-EC034AAB3AB5}.Release|Any CPU.Build.0 = Release|Any CPU
	EndGlobalSection
	GlobalSection(SolutionProperties) = preSolution
		HideSolutionNode = FALSE
	EndGlobalSection
	GlobalSection(NestedProjects) = preSolution
		{94D90E30-AE30-446A-8DC2-68BCB50152AB} = {AE9D1FC1-81EF-4897-9E95-45598DBACA39}
		{0EE30868-0E0E-4734-B20E-D2D875411A65} = {AE9D1FC1-81EF-4897-9E95-45598DBACA39}
		{BC906D09-45EA-4434-88D0-A9EC54FCA7B3} = {AE9D1FC1-81EF-4897-9E95-45598DBACA39}
		{1CFCB579-FFDB-49BA-AF0F-0E1DC1E24244} = {AE9D1FC1-81EF-4897-9E95-45598DBACA39}
		{AE370C86-1F4C-4385-96F7-EC034AAB3AB5} = {3D070F7D-A3FE-4516-94F6-06964591EE64}
	EndGlobalSection
	GlobalSection(ExtensibilityGlobals) = postSolution
		SolutionGuid = {5C90E581-8A86-497A-8429-D0ED956D6F07}
	EndGlobalSection
EndGlobal
